# This file is automatically @generated by Cargo.
# It is not intended for manual editing.
version = 3

[[package]]
name = "anyhow"
version = "1.0.42"
source = "registry+https://github.com/rust-lang/crates.io-index"
checksum = "595d3cfa7a60d4555cb5067b99f07142a08ea778de5cf993f7b75c7d8fabc486"

[[package]]
name = "argh"
version = "0.1.5"
source = "registry+https://github.com/rust-lang/crates.io-index"
checksum = "2e7317a549bc17c5278d9e72bb6e62c6aa801ac2567048e39ebc1c194249323e"
dependencies = [
 "argh_derive",
 "argh_shared",
]

[[package]]
name = "argh_derive"
version = "0.1.5"
source = "registry+https://github.com/rust-lang/crates.io-index"
checksum = "60949c42375351e9442e354434b0cba2ac402c1237edf673cac3a4bf983b8d3c"
dependencies = [
 "argh_shared",
 "heck",
 "proc-macro2",
 "quote",
 "syn",
]

[[package]]
name = "argh_shared"
version = "0.1.5"
source = "registry+https://github.com/rust-lang/crates.io-index"
checksum = "8a61eb019cb8f415d162cb9f12130ee6bbe9168b7d953c17f4ad049e4051ca00"

[[package]]
name = "bitflags"
version = "1.2.1"
source = "registry+https://github.com/rust-lang/crates.io-index"
checksum = "cf1de2fe8c75bc145a2f577add951f8134889b4795d47466a54a5c846d691693"

[[package]]
name = "goblin"
version = "0.4.3"
source = "registry+https://github.com/rust-lang/crates.io-index"
checksum = "32401e89c6446dcd28185931a01b1093726d0356820ac744023e6850689bf926"
dependencies = [
 "plain",
 "scroll",
]

[[package]]
name = "heck"
version = "0.3.3"
source = "registry+https://github.com/rust-lang/crates.io-index"
checksum = "6d621efb26863f0e9924c6ac577e8275e5e6b77455db64ffa6c65c904e9e132c"
dependencies = [
 "unicode-segmentation",
]

[[package]]
name = "kernel"
version = "0.1.0"
dependencies = [
 "saturnus-libkern",
]

[[package]]
name = "kernel-loader"
version = "0.1.0"
dependencies = [
 "bitflags",
 "goblin",
 "saturnus-cortex-a",
 "saturnus-libkern",
 "saturnus-semihosting",
 "saturnus-smc",
 "static_assertions",
 "tegra210",
 "tock-registers",
]

[[package]]
name = "lock_api"
version = "0.4.5"
source = "registry+https://github.com/rust-lang/crates.io-index"
checksum = "712a4d093c9976e24e7dbca41db895dabcbac38eb5f4045393d17a95bdfb1109"
dependencies = [
 "scopeguard",
]

[[package]]
name = "plain"
version = "0.2.3"
source = "registry+https://github.com/rust-lang/crates.io-index"
checksum = "b4596b6d070b27117e987119b4dac604f3c58cfb0b191112e24771b2faeac1a6"

[[package]]
name = "proc-macro2"
version = "1.0.28"
source = "registry+https://github.com/rust-lang/crates.io-index"
checksum = "5c7ed8b8c7b886ea3ed7dde405212185f423ab44682667c8c6dd14aa1d9f6612"
dependencies = [
 "unicode-xid",
]

[[package]]
name = "quote"
version = "1.0.9"
source = "registry+https://github.com/rust-lang/crates.io-index"
checksum = "c3d0b9745dc2debf507c8422de05d7226cc1f0644216dfdfead988f9b1ab32a7"
dependencies = [
 "proc-macro2",
]

[[package]]
name = "rustc_version"
version = "0.4.0"
source = "registry+https://github.com/rust-lang/crates.io-index"
checksum = "bfa0f585226d2e68097d4f95d113b15b83a82e819ab25717ec0590d9584ef366"
dependencies = [
 "semver",
]

[[package]]
name = "saturnus-cortex-a"
version = "0.1.0"
dependencies = [
 "bitflags",
 "saturnus-libutils",
 "static_assertions",
 "tock-registers",
]

[[package]]
name = "saturnus-libkern"
version = "0.1.0"
dependencies = [
 "lock_api",
 "saturnus-cortex-a",
 "saturnus-libutils",
 "spin",
 "static_assertions",
 "tock-registers",
]

[[package]]
name = "saturnus-libutils"
version = "0.1.0"

[[package]]
name = "saturnus-semihosting"
version = "0.1.0"
dependencies = [
 "saturnus-libkern",
]

[[package]]
name = "saturnus-smc"
version = "0.1.0"
dependencies = [
 "saturnus-libutils",
 "saturnus-smc-codegen",
 "static_assertions",
]

[[package]]
name = "saturnus-smc-codegen"
version = "0.1.0"
dependencies = [
 "proc-macro2",
 "quote",
 "syn",
]

[[package]]
name = "scopeguard"
version = "1.1.0"
source = "registry+https://github.com/rust-lang/crates.io-index"
checksum = "d29ab0c6d3fc0ee92fe66e2d99f700eab17a8d57d1c1d3b748380fb20baa78cd"

[[package]]
name = "scroll"
version = "0.10.2"
source = "registry+https://github.com/rust-lang/crates.io-index"
checksum = "fda28d4b4830b807a8b43f7b0e6b5df875311b3e7621d84577188c175b6ec1ec"

[[package]]
name = "semver"
version = "1.0.4"
source = "registry+https://github.com/rust-lang/crates.io-index"
checksum = "568a8e6258aa33c13358f81fd834adb854c6f7c9468520910a9b1e8fac068012"

[[package]]
name = "spin"
version = "0.9.2"
source = "registry+https://github.com/rust-lang/crates.io-index"
checksum = "511254be0c5bcf062b019a6c89c01a664aa359ded62f78aa72c6fc137c0590e5"
dependencies = [
 "lock_api",
]

[[package]]
name = "static_assertions"
version = "1.1.0"
source = "registry+https://github.com/rust-lang/crates.io-index"
checksum = "a2eb9349b6444b326872e140eb1cf5e7c522154d69e7a0ffb0fb81c06b37543f"

[[package]]
name = "syn"
version = "1.0.74"
source = "registry+https://github.com/rust-lang/crates.io-index"
checksum = "1873d832550d4588c3dbc20f01361ab00bfe741048f71e3fecf145a7cc18b29c"
dependencies = [
 "proc-macro2",
 "quote",
 "unicode-xid",
]

[[package]]
name = "tegra210"
version = "0.1.0"
dependencies = [
 "static_assertions",
 "tock-registers",
]

[[package]]
name = "tock-registers"
version = "0.7.0"
source = "registry+https://github.com/rust-lang/crates.io-index"
checksum = "4ee8fba06c1f4d0b396ef61a54530bb6b28f0dc61c38bc8bc5a5a48161e6282e"

[[package]]
name = "unicode-segmentation"
version = "1.8.0"
source = "registry+https://github.com/rust-lang/crates.io-index"
checksum = "8895849a949e7845e06bd6dc1aa51731a103c42707010a5b591c0038fb73385b"

[[package]]
name = "unicode-xid"
version = "0.2.2"
source = "registry+https://github.com/rust-lang/crates.io-index"
checksum = "8ccb82d61f80a663efe1f787a51b16b5a51e3314d6ac365b08639f52387b33f3"

[[package]]
name = "xshell"
version = "0.1.14"
source = "registry+https://github.com/rust-lang/crates.io-index"
checksum = "c640362f1b150e186b76e88606e4b01a7b2f1d56cc50fcc184ddb683fb567c23"
dependencies = [
 "xshell-macros",
]

[[package]]
name = "xshell-macros"
version = "0.1.14"
source = "registry+https://github.com/rust-lang/crates.io-index"
checksum = "0607c095c96c1d8420ce4a018a0954fb15d73d5eb59b521a05a0f04cffc05059"

[[package]]
name = "xtask"
version = "0.1.0"
dependencies = [
 "anyhow",
 "argh",
 "rustc_version",
 "xshell",
]
